// !$*UTF8*$!
{
	archiveVersion = 1;
	classes = {
	};
	objectVersion = 56;
	objects = {

/* Begin PBXBuildFile section */
		89C54E852990069100B84960 /* AppDelegate.swift in Sources */ = {isa = PBXBuildFile; fileRef = 89C54E842990069100B84960 /* AppDelegate.swift */; };
		89C54E872990069100B84960 /* SceneDelegate.swift in Sources */ = {isa = PBXBuildFile; fileRef = 89C54E862990069100B84960 /* SceneDelegate.swift */; };
		89C54E892990069100B84960 /* MainViewController.swift in Sources */ = {isa = PBXBuildFile; fileRef = 89C54E882990069100B84960 /* MainViewController.swift */; };
		89C54E8E2990069300B84960 /* Assets.xcassets in Resources */ = {isa = PBXBuildFile; fileRef = 89C54E8D2990069300B84960 /* Assets.xcassets */; };
		89C54E912990069300B84960 /* LaunchScreen.storyboard in Resources */ = {isa = PBXBuildFile; fileRef = 89C54E8F2990069300B84960 /* LaunchScreen.storyboard */; };
		89C54EA029900AE100B84960 /* MainPresenter.swift in Sources */ = {isa = PBXBuildFile; fileRef = 89C54E9F29900AE100B84960 /* MainPresenter.swift */; };
		89C54EA2299018D300B84960 /* SurfCompany.swift in Sources */ = {isa = PBXBuildFile; fileRef = 89C54EA1299018D300B84960 /* SurfCompany.swift */; };
		89C54EC829913E8400B84960 /* DirectionCell.swift in Sources */ = {isa = PBXBuildFile; fileRef = 89C54EC729913E8400B84960 /* DirectionCell.swift */; };
		89C54ECB2991404C00B84960 /* UIView + Extenstion.swift in Sources */ = {isa = PBXBuildFile; fileRef = 89C54ECA2991404C00B84960 /* UIView + Extenstion.swift */; };
		89C54ECD299140ED00B84960 /* ColorScheme.swift in Sources */ = {isa = PBXBuildFile; fileRef = 89C54ECC299140ED00B84960 /* ColorScheme.swift */; };
		89C54ECF2991428E00B84960 /* FontScheme.swift in Sources */ = {isa = PBXBuildFile; fileRef = 89C54ECE2991428E00B84960 /* FontScheme.swift */; };
		89C54ED7299159CA00B84960 /* Router.swift in Sources */ = {isa = PBXBuildFile; fileRef = 89C54ED6299159CA00B84960 /* Router.swift */; };
		89C54EDA29915A7400B84960 /* Assembly.swift in Sources */ = {isa = PBXBuildFile; fileRef = 89C54ED929915A7400B84960 /* Assembly.swift */; };
		89C54EDF29915BAA00B84960 /* BaseViewController.swift in Sources */ = {isa = PBXBuildFile; fileRef = 89C54EDE29915BAA00B84960 /* BaseViewController.swift */; };
		89C54EE129915BB400B84960 /* BasePresenter.swift in Sources */ = {isa = PBXBuildFile; fileRef = 89C54EE029915BB400B84960 /* BasePresenter.swift */; };
/* End PBXBuildFile section */

/* Begin PBXFileReference section */
		89C54E812990069100B84960 /* SurfInternship.app */ = {isa = PBXFileReference; explicitFileType = wrapper.application; includeInIndex = 0; path = SurfInternship.app; sourceTree = BUILT_PRODUCTS_DIR; };
		89C54E842990069100B84960 /* AppDelegate.swift */ = {isa = PBXFileReference; lastKnownFileType = sourcecode.swift; path = AppDelegate.swift; sourceTree = "<group>"; };
		89C54E862990069100B84960 /* SceneDelegate.swift */ = {isa = PBXFileReference; lastKnownFileType = sourcecode.swift; path = SceneDelegate.swift; sourceTree = "<group>"; };
		89C54E882990069100B84960 /* MainViewController.swift */ = {isa = PBXFileReference; lastKnownFileType = sourcecode.swift; path = MainViewController.swift; sourceTree = "<group>"; };
		89C54E8D2990069300B84960 /* Assets.xcassets */ = {isa = PBXFileReference; lastKnownFileType = folder.assetcatalog; path = Assets.xcassets; sourceTree = "<group>"; };
		89C54E902990069300B84960 /* Base */ = {isa = PBXFileReference; lastKnownFileType = file.storyboard; name = Base; path = Base.lproj/LaunchScreen.storyboard; sourceTree = "<group>"; };
		89C54E922990069300B84960 /* Info.plist */ = {isa = PBXFileReference; lastKnownFileType = text.plist.xml; path = Info.plist; sourceTree = "<group>"; };
		89C54E9F29900AE100B84960 /* MainPresenter.swift */ = {isa = PBXFileReference; lastKnownFileType = sourcecode.swift; path = MainPresenter.swift; sourceTree = "<group>"; };
		89C54EA1299018D300B84960 /* SurfCompany.swift */ = {isa = PBXFileReference; lastKnownFileType = sourcecode.swift; path = SurfCompany.swift; sourceTree = "<group>"; };
		89C54EC729913E8400B84960 /* DirectionCell.swift */ = {isa = PBXFileReference; lastKnownFileType = sourcecode.swift; path = DirectionCell.swift; sourceTree = "<group>"; };
		89C54ECA2991404C00B84960 /* UIView + Extenstion.swift */ = {isa = PBXFileReference; lastKnownFileType = sourcecode.swift; path = "UIView + Extenstion.swift"; sourceTree = "<group>"; };
		89C54ECC299140ED00B84960 /* ColorScheme.swift */ = {isa = PBXFileReference; lastKnownFileType = sourcecode.swift; path = ColorScheme.swift; sourceTree = "<group>"; };
		89C54ECE2991428E00B84960 /* FontScheme.swift */ = {isa = PBXFileReference; lastKnownFileType = sourcecode.swift; path = FontScheme.swift; sourceTree = "<group>"; };
		89C54ED6299159CA00B84960 /* Router.swift */ = {isa = PBXFileReference; lastKnownFileType = sourcecode.swift; path = Router.swift; sourceTree = "<group>"; };
		89C54ED929915A7400B84960 /* Assembly.swift */ = {isa = PBXFileReference; lastKnownFileType = sourcecode.swift; path = Assembly.swift; sourceTree = "<group>"; };
		89C54EDE29915BAA00B84960 /* BaseViewController.swift */ = {isa = PBXFileReference; lastKnownFileType = sourcecode.swift; path = BaseViewController.swift; sourceTree = "<group>"; };
		89C54EE029915BB400B84960 /* BasePresenter.swift */ = {isa = PBXFileReference; lastKnownFileType = sourcecode.swift; path = BasePresenter.swift; sourceTree = "<group>"; };
/* End PBXFileReference section */

/* Begin PBXFrameworksBuildPhase section */
		89C54E7E2990069100B84960 /* Frameworks */ = {
			isa = PBXFrameworksBuildPhase;
			buildActionMask = 2147483647;
			files = (
			);
			runOnlyForDeploymentPostprocessing = 0;
		};
/* End PBXFrameworksBuildPhase section */

/* Begin PBXGroup section */
		89C54E782990069100B84960 = {
			isa = PBXGroup;
			children = (
				89C54E832990069100B84960 /* SurfInternship */,
				89C54E822990069100B84960 /* Products */,
			);
			sourceTree = "<group>";
		};
		89C54E822990069100B84960 /* Products */ = {
			isa = PBXGroup;
			children = (
				89C54E812990069100B84960 /* SurfInternship.app */,
			);
			name = Products;
			sourceTree = "<group>";
		};
		89C54E832990069100B84960 /* SurfInternship */ = {
			isa = PBXGroup;
			children = (
				89C54E98299006FB00B84960 /* App */,
				89C54EC92991403800B84960 /* Extensions */,
				89C54ED5299159AF00B84960 /* Services */,
				89C54E9A2990071F00B84960 /* User Stories */,
				89C54E992990071200B84960 /* Resource */,
			);
			path = SurfInternship;
			sourceTree = "<group>";
		};
		89C54E98299006FB00B84960 /* App */ = {
			isa = PBXGroup;
			children = (
				89C54E842990069100B84960 /* AppDelegate.swift */,
				89C54E862990069100B84960 /* SceneDelegate.swift */,
			);
			path = App;
			sourceTree = "<group>";
		};
		89C54E992990071200B84960 /* Resource */ = {
			isa = PBXGroup;
			children = (
				89C54E8D2990069300B84960 /* Assets.xcassets */,
				89C54E8F2990069300B84960 /* LaunchScreen.storyboard */,
				89C54E922990069300B84960 /* Info.plist */,
				89C54ECC299140ED00B84960 /* ColorScheme.swift */,
				89C54ECE2991428E00B84960 /* FontScheme.swift */,
			);
			path = Resource;
			sourceTree = "<group>";
		};
		89C54E9A2990071F00B84960 /* User Stories */ = {
			isa = PBXGroup;
			children = (
				89C54EA329901B0900B84960 /* BaseModule */,
				89C54E9E2990076900B84960 /* MainModule */,
			);
			path = "User Stories";
			sourceTree = "<group>";
		};
		89C54E9B2990072A00B84960 /* View */ = {
			isa = PBXGroup;
			children = (
				89C54E882990069100B84960 /* MainViewController.swift */,
				89C54EC629913E5200B84960 /* SubView */,
			);
			path = View;
			sourceTree = "<group>";
		};
		89C54E9C2990074D00B84960 /* Model */ = {
			isa = PBXGroup;
			children = (
				89C54EA1299018D300B84960 /* SurfCompany.swift */,
			);
			path = Model;
			sourceTree = "<group>";
		};
		89C54E9D2990075800B84960 /* Present */ = {
			isa = PBXGroup;
			children = (
				89C54E9F29900AE100B84960 /* MainPresenter.swift */,
			);
			path = Present;
			sourceTree = "<group>";
		};
		89C54E9E2990076900B84960 /* MainModule */ = {
			isa = PBXGroup;
			children = (
				89C54E9C2990074D00B84960 /* Model */,
				89C54E9B2990072A00B84960 /* View */,
				89C54E9D2990075800B84960 /* Present */,
			);
			path = MainModule;
			sourceTree = "<group>";
		};
		89C54EA329901B0900B84960 /* BaseModule */ = {
			isa = PBXGroup;
			children = (
				89C54EDC29915B8E00B84960 /* View */,
				89C54EDD29915B9800B84960 /* Present */,
			);
			path = BaseModule;
			sourceTree = "<group>";
		};
		89C54EC629913E5200B84960 /* SubView */ = {
			isa = PBXGroup;
			children = (
				89C54EC729913E8400B84960 /* DirectionCell.swift */,
			);
			path = SubView;
			sourceTree = "<group>";
		};
		89C54EC92991403800B84960 /* Extensions */ = {
			isa = PBXGroup;
			children = (
				89C54ECA2991404C00B84960 /* UIView + Extenstion.swift */,
			);
			path = Extensions;
			sourceTree = "<group>";
		};
		89C54ED5299159AF00B84960 /* Services */ = {
			isa = PBXGroup;
			children = (
				89C54ED8299159DC00B84960 /* Router */,
				89C54EDB29915A7800B84960 /* Assembly */,
			);
			path = Services;
			sourceTree = "<group>";
		};
		89C54ED8299159DC00B84960 /* Router */ = {
			isa = PBXGroup;
			children = (
				89C54ED6299159CA00B84960 /* Router.swift */,
			);
			path = Router;
			sourceTree = "<group>";
		};
		89C54EDB29915A7800B84960 /* Assembly */ = {
			isa = PBXGroup;
			children = (
				89C54ED929915A7400B84960 /* Assembly.swift */,
			);
			path = Assembly;
			sourceTree = "<group>";
		};
		89C54EDC29915B8E00B84960 /* View */ = {
			isa = PBXGroup;
			children = (
				89C54EDE29915BAA00B84960 /* BaseViewController.swift */,
			);
			path = View;
			sourceTree = "<group>";
		};
		89C54EDD29915B9800B84960 /* Present */ = {
			isa = PBXGroup;
			children = (
				89C54EE029915BB400B84960 /* BasePresenter.swift */,
			);
			path = Present;
			sourceTree = "<group>";
		};
/* End PBXGroup section */

/* Begin PBXNativeTarget section */
		89C54E802990069100B84960 /* SurfInternship */ = {
			isa = PBXNativeTarget;
			buildConfigurationList = 89C54E952990069300B84960 /* Build configuration list for PBXNativeTarget "SurfInternship" */;
			buildPhases = (
				89C54E7D2990069100B84960 /* Sources */,
				89C54E7E2990069100B84960 /* Frameworks */,
				89C54E7F2990069100B84960 /* Resources */,
			);
			buildRules = (
			);
			dependencies = (
			);
			name = SurfInternship;
			productName = SurfInternship;
			productReference = 89C54E812990069100B84960 /* SurfInternship.app */;
			productType = "com.apple.product-type.application";
		};
/* End PBXNativeTarget section */

/* Begin PBXProject section */
		89C54E792990069100B84960 /* Project object */ = {
			isa = PBXProject;
			attributes = {
				BuildIndependentTargetsInParallel = 1;
				LastSwiftUpdateCheck = 1420;
				LastUpgradeCheck = 1420;
				TargetAttributes = {
					89C54E802990069100B84960 = {
						CreatedOnToolsVersion = 14.2;
					};
				};
			};
			buildConfigurationList = 89C54E7C2990069100B84960 /* Build configuration list for PBXProject "SurfInternship" */;
			compatibilityVersion = "Xcode 14.0";
			developmentRegion = en;
			hasScannedForEncodings = 0;
			knownRegions = (
				en,
				Base,
			);
			mainGroup = 89C54E782990069100B84960;
			productRefGroup = 89C54E822990069100B84960 /* Products */;
			projectDirPath = "";
			projectRoot = "";
			targets = (
				89C54E802990069100B84960 /* SurfInternship */,
			);
		};
/* End PBXProject section */

/* Begin PBXResourcesBuildPhase section */
		89C54E7F2990069100B84960 /* Resources */ = {
			isa = PBXResourcesBuildPhase;
			buildActionMask = 2147483647;
			files = (
				89C54E912990069300B84960 /* LaunchScreen.storyboard in Resources */,
				89C54E8E2990069300B84960 /* Assets.xcassets in Resources */,
			);
			runOnlyForDeploymentPostprocessing = 0;
		};
/* End PBXResourcesBuildPhase section */

/* Begin PBXSourcesBuildPhase section */
		89C54E7D2990069100B84960 /* Sources */ = {
			isa = PBXSourcesBuildPhase;
			buildActionMask = 2147483647;
			files = (
				89C54ECD299140ED00B84960 /* ColorScheme.swift in Sources */,
				89C54EDA29915A7400B84960 /* Assembly.swift in Sources */,
				89C54E892990069100B84960 /* MainViewController.swift in Sources */,
				89C54ED7299159CA00B84960 /* Router.swift in Sources */,
				89C54E852990069100B84960 /* AppDelegate.swift in Sources */,
				89C54EDF29915BAA00B84960 /* BaseViewController.swift in Sources */,
				89C54ECB2991404C00B84960 /* UIView + Extenstion.swift in Sources */,
				89C54E872990069100B84960 /* SceneDelegate.swift in Sources */,
				89C54EE129915BB400B84960 /* BasePresenter.swift in Sources */,
				89C54ECF2991428E00B84960 /* FontScheme.swift in Sources */,
				89C54EC829913E8400B84960 /* DirectionCell.swift in Sources */,
				89C54EA2299018D300B84960 /* SurfCompany.swift in Sources */,
				89C54EA029900AE100B84960 /* MainPresenter.swift in Sources */,
			);
			runOnlyForDeploymentPostprocessing = 0;
		};
/* End PBXSourcesBuildPhase section */

/* Begin PBXVariantGroup section */
		89C54E8F2990069300B84960 /* LaunchScreen.storyboard */ = {
			isa = PBXVariantGroup;
			children = (
				89C54E902990069300B84960 /* Base */,
			);
			name = LaunchScreen.storyboard;
			sourceTree = "<group>";
		};
/* End PBXVariantGroup section */

/* Begin XCBuildConfiguration section */
		89C54E932990069300B84960 /* Debug */ = {
			isa = XCBuildConfiguration;
			buildSettings = {
				ALWAYS_SEARCH_USER_PATHS = NO;
				CLANG_ANALYZER_NONNULL = YES;
				CLANG_ANALYZER_NUMBER_OBJECT_CONVERSION = YES_AGGRESSIVE;
				CLANG_CXX_LANGUAGE_STANDARD = "gnu++20";
				CLANG_ENABLE_MODULES = YES;
				CLANG_ENABLE_OBJC_ARC = YES;
				CLANG_ENABLE_OBJC_WEAK = YES;
				CLANG_WARN_BLOCK_CAPTURE_AUTORELEASING = YES;
				CLANG_WARN_BOOL_CONVERSION = YES;
				CLANG_WARN_COMMA = YES;
				CLANG_WARN_CONSTANT_CONVERSION = YES;
				CLANG_WARN_DEPRECATED_OBJC_IMPLEMENTATIONS = YES;
				CLANG_WARN_DIRECT_OBJC_ISA_USAGE = YES_ERROR;
				CLANG_WARN_DOCUMENTATION_COMMENTS = YES;
				CLANG_WARN_EMPTY_BODY = YES;
				CLANG_WARN_ENUM_CONVERSION = YES;
				CLANG_WARN_INFINITE_RECURSION = YES;
				CLANG_WARN_INT_CONVERSION = YES;
				CLANG_WARN_NON_LITERAL_NULL_CONVERSION = YES;
				CLANG_WARN_OBJC_IMPLICIT_RETAIN_SELF = YES;
				CLANG_WARN_OBJC_LITERAL_CONVERSION = YES;
				CLANG_WARN_OBJC_ROOT_CLASS = YES_ERROR;
				CLANG_WARN_QUOTED_INCLUDE_IN_FRAMEWORK_HEADER = YES;
				CLANG_WARN_RANGE_LOOP_ANALYSIS = YES;
				CLANG_WARN_STRICT_PROTOTYPES = YES;
				CLANG_WARN_SUSPICIOUS_MOVE = YES;
				CLANG_WARN_UNGUARDED_AVAILABILITY = YES_AGGRESSIVE;
				CLANG_WARN_UNREACHABLE_CODE = YES;
				CLANG_WARN__DUPLICATE_METHOD_MATCH = YES;
				COPY_PHASE_STRIP = NO;
				DEBUG_INFORMATION_FORMAT = dwarf;
				ENABLE_STRICT_OBJC_MSGSEND = YES;
				ENABLE_TESTABILITY = YES;
				GCC_C_LANGUAGE_STANDARD = gnu11;
				GCC_DYNAMIC_NO_PIC = NO;
				GCC_NO_COMMON_BLOCKS = YES;
				GCC_OPTIMIZATION_LEVEL = 0;
				GCC_PREPROCESSOR_DEFINITIONS = (
					"DEBUG=1",
					"$(inherited)",
				);
				GCC_WARN_64_TO_32_BIT_CONVERSION = YES;
				GCC_WARN_ABOUT_RETURN_TYPE = YES_ERROR;
				GCC_WARN_UNDECLARED_SELECTOR = YES;
				GCC_WARN_UNINITIALIZED_AUTOS = YES_AGGRESSIVE;
				GCC_WARN_UNUSED_FUNCTION = YES;
				GCC_WARN_UNUSED_VARIABLE = YES;
				IPHONEOS_DEPLOYMENT_TARGET = 15.0;
				MTL_ENABLE_DEBUG_INFO = INCLUDE_SOURCE;
				MTL_FAST_MATH = YES;
				ONLY_ACTIVE_ARCH = YES;
				SDKROOT = iphoneos;
				SWIFT_ACTIVE_COMPILATION_CONDITIONS = DEBUG;
				SWIFT_OPTIMIZATION_LEVEL = "-Onone";
			};
			name = Debug;
		};
		89C54E942990069300B84960 /* Release */ = {
			isa = XCBuildConfiguration;
			buildSettings = {
				ALWAYS_SEARCH_USER_PATHS = NO;
				CLANG_ANALYZER_NONNULL = YES;
				CLANG_ANALYZER_NUMBER_OBJECT_CONVERSION = YES_AGGRESSIVE;
				CLANG_CXX_LANGUAGE_STANDARD = "gnu++20";
				CLANG_ENABLE_MODULES = YES;
				CLANG_ENABLE_OBJC_ARC = YES;
				CLANG_ENABLE_OBJC_WEAK = YES;
				CLANG_WARN_BLOCK_CAPTURE_AUTORELEASING = YES;
				CLANG_WARN_BOOL_CONVERSION = YES;
				CLANG_WARN_COMMA = YES;
				CLANG_WARN_CONSTANT_CONVERSION = YES;
				CLANG_WARN_DEPRECATED_OBJC_IMPLEMENTATIONS = YES;
				CLANG_WARN_DIRECT_OBJC_ISA_USAGE = YES_ERROR;
				CLANG_WARN_DOCUMENTATION_COMMENTS = YES;
				CLANG_WARN_EMPTY_BODY = YES;
				CLANG_WARN_ENUM_CONVERSION = YES;
				CLANG_WARN_INFINITE_RECURSION = YES;
				CLANG_WARN_INT_CONVERSION = YES;
				CLANG_WARN_NON_LITERAL_NULL_CONVERSION = YES;
				CLANG_WARN_OBJC_IMPLICIT_RETAIN_SELF = YES;
				CLANG_WARN_OBJC_LITERAL_CONVERSION = YES;
				CLANG_WARN_OBJC_ROOT_CLASS = YES_ERROR;
				CLANG_WARN_QUOTED_INCLUDE_IN_FRAMEWORK_HEADER = YES;
				CLANG_WARN_RANGE_LOOP_ANALYSIS = YES;
				CLANG_WARN_STRICT_PROTOTYPES = YES;
				CLANG_WARN_SUSPICIOUS_MOVE = YES;
				CLANG_WARN_UNGUARDED_AVAILABILITY = YES_AGGRESSIVE;
				CLANG_WARN_UNREACHABLE_CODE = YES;
				CLANG_WARN__DUPLICATE_METHOD_MATCH = YES;
				COPY_PHASE_STRIP = NO;
				DEBUG_INFORMATION_FORMAT = "dwarf-with-dsym";
				ENABLE_NS_ASSERTIONS = NO;
				ENABLE_STRICT_OBJC_MSGSEND = YES;
				GCC_C_LANGUAGE_STANDARD = gnu11;
				GCC_NO_COMMON_BLOCKS = YES;
				GCC_WARN_64_TO_32_BIT_CONVERSION = YES;
				GCC_WARN_ABOUT_RETURN_TYPE = YES_ERROR;
				GCC_WARN_UNDECLARED_SELECTOR = YES;
				GCC_WARN_UNINITIALIZED_AUTOS = YES_AGGRESSIVE;
				GCC_WARN_UNUSED_FUNCTION = YES;
				GCC_WARN_UNUSED_VARIABLE = YES;
				IPHONEOS_DEPLOYMENT_TARGET = 15.0;
				MTL_ENABLE_DEBUG_INFO = NO;
				MTL_FAST_MATH = YES;
				SDKROOT = iphoneos;
				SWIFT_COMPILATION_MODE = wholemodule;
				SWIFT_OPTIMIZATION_LEVEL = "-O";
				VALIDATE_PRODUCT = YES;
			};
			name = Release;
		};
		89C54E962990069300B84960 /* Debug */ = {
			isa = XCBuildConfiguration;
			buildSettings = {
				ASSETCATALOG_COMPILER_APPICON_NAME = AppIcon;
				ASSETCATALOG_COMPILER_GLOBAL_ACCENT_COLOR_NAME = AccentColor;
				CODE_SIGN_STYLE = Automatic;
				CURRENT_PROJECT_VERSION = 1;
				DEVELOPMENT_TEAM = 3G8VQ3U9D3;
				GENERATE_INFOPLIST_FILE = YES;
				INFOPLIST_FILE = SurfInternship/Resource/Info.plist;
				INFOPLIST_KEY_CFBundleDisplayName = "Surf Intern";
				INFOPLIST_KEY_UIApplicationSupportsIndirectInputEvents = YES;
				INFOPLIST_KEY_UILaunchStoryboardName = LaunchScreen;
				INFOPLIST_KEY_UISupportedInterfaceOrientations = UIInterfaceOrientationPortrait;
				INFOPLIST_KEY_UISupportedInterfaceOrientations_iPad = "UIInterfaceOrientationLandscapeLeft UIInterfaceOrientationLandscapeRight UIInterfaceOrientationPortrait UIInterfaceOrientationPortraitUpsideDown";
				LD_RUNPATH_SEARCH_PATHS = (
					"$(inherited)",
					"@executable_path/Frameworks",
				);
				MARKETING_VERSION = 1.0;
				PRODUCT_BUNDLE_IDENTIFIER = ru.teodor.SurfInternship;
				PRODUCT_NAME = "$(TARGET_NAME)";
				SUPPORTED_PLATFORMS = "iphoneos iphonesimulator";
				SUPPORTS_MACCATALYST = NO;
				SUPPORTS_MAC_DESIGNED_FOR_IPHONE_IPAD = NO;
				SWIFT_EMIT_LOC_STRINGS = YES;
				SWIFT_VERSION = 5.0;
				TARGETED_DEVICE_FAMILY = 1;
			};
			name = Debug;
		};
		89C54E972990069300B84960 /* Release */ = {
			isa = XCBuildConfiguration;
			buildSettings = {
				ASSETCATALOG_COMPILER_APPICON_NAME = AppIcon;
				ASSETCATALOG_COMPILER_GLOBAL_ACCENT_COLOR_NAME = AccentColor;
				CODE_SIGN_STYLE = Automatic;
				CURRENT_PROJECT_VERSION = 1;
				DEVELOPMENT_TEAM = 3G8VQ3U9D3;
				GENERATE_INFOPLIST_FILE = YES;
				INFOPLIST_FILE = SurfInternship/Resource/Info.plist;
				INFOPLIST_KEY_CFBundleDisplayName = "Surf Intern";
				INFOPLIST_KEY_UIApplicationSupportsIndirectInputEvents = YES;
				INFOPLIST_KEY_UILaunchStoryboardName = LaunchScreen;
				INFOPLIST_KEY_UISupportedInterfaceOrientations = UIInterfaceOrientationPortrait;
				INFOPLIST_KEY_UISupportedInterfaceOrientations_iPad = "UIInterfaceOrientationLandscapeLeft UIInterfaceOrientationLandscapeRight UIInterfaceOrientationPortrait UIInterfaceOrientationPortraitUpsideDown";
				LD_RUNPATH_SEARCH_PATHS = (
					"$(inherited)",
					"@executable_path/Frameworks",
				);
				MARKETING_VERSION = 1.0;
				PRODUCT_BUNDLE_IDENTIFIER = ru.teodor.SurfInternship;
				PRODUCT_NAME = "$(TARGET_NAME)";
				SUPPORTED_PLATFORMS = "iphoneos iphonesimulator";
				SUPPORTS_MACCATALYST = NO;
				SUPPORTS_MAC_DESIGNED_FOR_IPHONE_IPAD = NO;
				SWIFT_EMIT_LOC_STRINGS = YES;
				SWIFT_VERSION = 5.0;
				TARGETED_DEVICE_FAMILY = 1;
			};
			name = Release;
		};
/* End XCBuildConfiguration section */

/* Begin XCConfigurationList section */
		89C54E7C2990069100B84960 /* Build configuration list for PBXProject "SurfInternship" */ = {
			isa = XCConfigurationList;
			buildConfigurations = (
				89C54E932990069300B84960 /* Debug */,
				89C54E942990069300B84960 /* Release */,
			);
			defaultConfigurationIsVisible = 0;
			defaultConfigurationName = Release;
		};
		89C54E952990069300B84960 /* Build configuration list for PBXNativeTarget "SurfInternship" */ = {
			isa = XCConfigurationList;
			buildConfigurations = (
				89C54E962990069300B84960 /* Debug */,
				89C54E972990069300B84960 /* Release */,
			);
			defaultConfigurationIsVisible = 0;
			defaultConfigurationName = Release;
		};
/* End XCConfigurationList section */
	};
	rootObject = 89C54E792990069100B84960 /* Project object */;
}
